// !$*UTF8*$!
{
	archiveVersion = 1;
	classes = {
	};
	objectVersion = 46;
	objects = {

/* Begin PBXBuildFile section */
		920016D41A0553D80011D1D9 /* main.m in Sources */ = {isa = PBXBuildFile; fileRef = 920016D31A0553D80011D1D9 /* main.m */; };
		920016D71A0553D80011D1D9 /* AppDelegate.m in Sources */ = {isa = PBXBuildFile; fileRef = 920016D61A0553D80011D1D9 /* AppDelegate.m */; };
		920016DA1A0553D80011D1D9 /* ViewController.m in Sources */ = {isa = PBXBuildFile; fileRef = 920016D91A0553D80011D1D9 /* ViewController.m */; };
		920016DD1A0553D80011D1D9 /* Main.storyboard in Resources */ = {isa = PBXBuildFile; fileRef = 920016DB1A0553D80011D1D9 /* Main.storyboard */; };
		920016DF1A0553D80011D1D9 /* Images.xcassets in Resources */ = {isa = PBXBuildFile; fileRef = 920016DE1A0553D80011D1D9 /* Images.xcassets */; };
		920016E21A0553D90011D1D9 /* LaunchScreen.xib in Resources */ = {isa = PBXBuildFile; fileRef = 920016E01A0553D90011D1D9 /* LaunchScreen.xib */; };
		920016EE1A0553D90011D1D9 /* TourGuidesTests.m in Sources */ = {isa = PBXBuildFile; fileRef = 920016ED1A0553D90011D1D9 /* TourGuidesTests.m */; };
		920016F91A0554B80011D1D9 /* Bolts.framework in Frameworks */ = {isa = PBXBuildFile; fileRef = 920016F71A0554B80011D1D9 /* Bolts.framework */; };
		920016FA1A0554B80011D1D9 /* Parse.framework in Frameworks */ = {isa = PBXBuildFile; fileRef = 920016F81A0554B80011D1D9 /* Parse.framework */; };
		920016FD1A0555130011D1D9 /* AudioToolbox.framework in Frameworks */ = {isa = PBXBuildFile; fileRef = 920016FC1A0555130011D1D9 /* AudioToolbox.framework */; };
		920016FF1A05551C0011D1D9 /* CFNetwork.framework in Frameworks */ = {isa = PBXBuildFile; fileRef = 920016FE1A05551C0011D1D9 /* CFNetwork.framework */; };
		920017011A0555240011D1D9 /* CoreGraphics.framework in Frameworks */ = {isa = PBXBuildFile; fileRef = 920017001A0555240011D1D9 /* CoreGraphics.framework */; };
		920017031A05552C0011D1D9 /* CoreLocation.framework in Frameworks */ = {isa = PBXBuildFile; fileRef = 920017021A05552C0011D1D9 /* CoreLocation.framework */; };
		920017051A0555370011D1D9 /* libz.dylib in Frameworks */ = {isa = PBXBuildFile; fileRef = 920017041A0555370011D1D9 /* libz.dylib */; };
		920017071A0555400011D1D9 /* MobileCoreServices.framework in Frameworks */ = {isa = PBXBuildFile; fileRef = 920017061A0555400011D1D9 /* MobileCoreServices.framework */; };
		920017091A05554C0011D1D9 /* QuartzCore.framework in Frameworks */ = {isa = PBXBuildFile; fileRef = 920017081A05554C0011D1D9 /* QuartzCore.framework */; };
		9200170B1A0555530011D1D9 /* Security.framework in Frameworks */ = {isa = PBXBuildFile; fileRef = 9200170A1A0555530011D1D9 /* Security.framework */; };
		9200170D1A0555610011D1D9 /* StoreKit.framework in Frameworks */ = {isa = PBXBuildFile; fileRef = 9200170C1A0555610011D1D9 /* StoreKit.framework */; };
		9200170F1A0555760011D1D9 /* SystemConfiguration.framework in Frameworks */ = {isa = PBXBuildFile; fileRef = 9200170E1A0555760011D1D9 /* SystemConfiguration.framework */; };
		920017111A0557300011D1D9 /* ParseFacebookUtils.framework in Frameworks */ = {isa = PBXBuildFile; fileRef = 920017101A0557300011D1D9 /* ParseFacebookUtils.framework */; };
		920017131A05583D0011D1D9 /* FacebookSDK.framework in Frameworks */ = {isa = PBXBuildFile; fileRef = 920017121A05583D0011D1D9 /* FacebookSDK.framework */; };
		920017171A055A140011D1D9 /* HomeViewController.m in Sources */ = {isa = PBXBuildFile; fileRef = 920017151A055A140011D1D9 /* HomeViewController.m */; };
		920017181A055A140011D1D9 /* HomeViewController.xib in Resources */ = {isa = PBXBuildFile; fileRef = 920017161A055A140011D1D9 /* HomeViewController.xib */; };
/* End PBXBuildFile section */

/* Begin PBXContainerItemProxy section */
		920016E81A0553D90011D1D9 /* PBXContainerItemProxy */ = {
			isa = PBXContainerItemProxy;
			containerPortal = 920016C61A0553D80011D1D9 /* Project object */;
			proxyType = 1;
			remoteGlobalIDString = 920016CD1A0553D80011D1D9;
			remoteInfo = TourGuides;
		};
/* End PBXContainerItemProxy section */

/* Begin PBXFileReference section */
		920016CE1A0553D80011D1D9 /* TourGuides.app */ = {isa = PBXFileReference; explicitFileType = wrapper.application; includeInIndex = 0; path = TourGuides.app; sourceTree = BUILT_PRODUCTS_DIR; };
		920016D21A0553D80011D1D9 /* Info.plist */ = {isa = PBXFileReference; lastKnownFileType = text.plist.xml; path = Info.plist; sourceTree = "<group>"; };
		920016D31A0553D80011D1D9 /* main.m */ = {isa = PBXFileReference; lastKnownFileType = sourcecode.c.objc; path = main.m; sourceTree = "<group>"; };
		920016D51A0553D80011D1D9 /* AppDelegate.h */ = {isa = PBXFileReference; lastKnownFileType = sourcecode.c.h; path = AppDelegate.h; sourceTree = "<group>"; };
		920016D61A0553D80011D1D9 /* AppDelegate.m */ = {isa = PBXFileReference; lastKnownFileType = sourcecode.c.objc; path = AppDelegate.m; sourceTree = "<group>"; };
		920016D81A0553D80011D1D9 /* ViewController.h */ = {isa = PBXFileReference; lastKnownFileType = sourcecode.c.h; path = ViewController.h; sourceTree = "<group>"; };
		920016D91A0553D80011D1D9 /* ViewController.m */ = {isa = PBXFileReference; lastKnownFileType = sourcecode.c.objc; path = ViewController.m; sourceTree = "<group>"; };
		920016DC1A0553D80011D1D9 /* Base */ = {isa = PBXFileReference; lastKnownFileType = file.storyboard; name = Base; path = Base.lproj/Main.storyboard; sourceTree = "<group>"; };
		920016DE1A0553D80011D1D9 /* Images.xcassets */ = {isa = PBXFileReference; lastKnownFileType = folder.assetcatalog; path = Images.xcassets; sourceTree = "<group>"; };
		920016E11A0553D90011D1D9 /* Base */ = {isa = PBXFileReference; lastKnownFileType = file.xib; name = Base; path = Base.lproj/LaunchScreen.xib; sourceTree = "<group>"; };
		920016E71A0553D90011D1D9 /* TourGuidesTests.xctest */ = {isa = PBXFileReference; explicitFileType = wrapper.cfbundle; includeInIndex = 0; path = TourGuidesTests.xctest; sourceTree = BUILT_PRODUCTS_DIR; };
		920016EC1A0553D90011D1D9 /* Info.plist */ = {isa = PBXFileReference; lastKnownFileType = text.plist.xml; path = Info.plist; sourceTree = "<group>"; };
		920016ED1A0553D90011D1D9 /* TourGuidesTests.m */ = {isa = PBXFileReference; lastKnownFileType = sourcecode.c.objc; path = TourGuidesTests.m; sourceTree = "<group>"; };
		920016F71A0554B80011D1D9 /* Bolts.framework */ = {isa = PBXFileReference; lastKnownFileType = wrapper.framework; path = Bolts.framework; sourceTree = "<group>"; };
		920016F81A0554B80011D1D9 /* Parse.framework */ = {isa = PBXFileReference; lastKnownFileType = wrapper.framework; path = Parse.framework; sourceTree = "<group>"; };
		920016FC1A0555130011D1D9 /* AudioToolbox.framework */ = {isa = PBXFileReference; lastKnownFileType = wrapper.framework; name = AudioToolbox.framework; path = System/Library/Frameworks/AudioToolbox.framework; sourceTree = SDKROOT; };
		920016FE1A05551C0011D1D9 /* CFNetwork.framework */ = {isa = PBXFileReference; lastKnownFileType = wrapper.framework; name = CFNetwork.framework; path = System/Library/Frameworks/CFNetwork.framework; sourceTree = SDKROOT; };
		920017001A0555240011D1D9 /* CoreGraphics.framework */ = {isa = PBXFileReference; lastKnownFileType = wrapper.framework; name = CoreGraphics.framework; path = System/Library/Frameworks/CoreGraphics.framework; sourceTree = SDKROOT; };
		920017021A05552C0011D1D9 /* CoreLocation.framework */ = {isa = PBXFileReference; lastKnownFileType = wrapper.framework; name = CoreLocation.framework; path = System/Library/Frameworks/CoreLocation.framework; sourceTree = SDKROOT; };
		920017041A0555370011D1D9 /* libz.dylib */ = {isa = PBXFileReference; lastKnownFileType = "compiled.mach-o.dylib"; name = libz.dylib; path = usr/lib/libz.dylib; sourceTree = SDKROOT; };
		920017061A0555400011D1D9 /* MobileCoreServices.framework */ = {isa = PBXFileReference; lastKnownFileType = wrapper.framework; name = MobileCoreServices.framework; path = System/Library/Frameworks/MobileCoreServices.framework; sourceTree = SDKROOT; };
		920017081A05554C0011D1D9 /* QuartzCore.framework */ = {isa = PBXFileReference; lastKnownFileType = wrapper.framework; name = QuartzCore.framework; path = System/Library/Frameworks/QuartzCore.framework; sourceTree = SDKROOT; };
		9200170A1A0555530011D1D9 /* Security.framework */ = {isa = PBXFileReference; lastKnownFileType = wrapper.framework; name = Security.framework; path = System/Library/Frameworks/Security.framework; sourceTree = SDKROOT; };
		9200170C1A0555610011D1D9 /* StoreKit.framework */ = {isa = PBXFileReference; lastKnownFileType = wrapper.framework; name = StoreKit.framework; path = System/Library/Frameworks/StoreKit.framework; sourceTree = SDKROOT; };
		9200170E1A0555760011D1D9 /* SystemConfiguration.framework */ = {isa = PBXFileReference; lastKnownFileType = wrapper.framework; name = SystemConfiguration.framework; path = System/Library/Frameworks/SystemConfiguration.framework; sourceTree = SDKROOT; };
		920017101A0557300011D1D9 /* ParseFacebookUtils.framework */ = {isa = PBXFileReference; lastKnownFileType = wrapper.framework; path = ParseFacebookUtils.framework; sourceTree = "<group>"; };
		920017121A05583D0011D1D9 /* FacebookSDK.framework */ = {isa = PBXFileReference; lastKnownFileType = wrapper.framework; name = FacebookSDK.framework; path = ../../../Documents/FacebookSDK/FacebookSDK.framework; sourceTree = "<group>"; };
		920017141A055A140011D1D9 /* HomeViewController.h */ = {isa = PBXFileReference; fileEncoding = 4; lastKnownFileType = sourcecode.c.h; path = HomeViewController.h; sourceTree = "<group>"; };
		920017151A055A140011D1D9 /* HomeViewController.m */ = {isa = PBXFileReference; fileEncoding = 4; lastKnownFileType = sourcecode.c.objc; path = HomeViewController.m; sourceTree = "<group>"; };
		920017161A055A140011D1D9 /* HomeViewController.xib */ = {isa = PBXFileReference; fileEncoding = 4; lastKnownFileType = file.xib; path = HomeViewController.xib; sourceTree = "<group>"; };
/* End PBXFileReference section */

/* Begin PBXFrameworksBuildPhase section */
		920016CB1A0553D80011D1D9 /* Frameworks */ = {
			isa = PBXFrameworksBuildPhase;
			buildActionMask = 2147483647;
			files = (
				9200170F1A0555760011D1D9 /* SystemConfiguration.framework in Frameworks */,
				9200170D1A0555610011D1D9 /* StoreKit.framework in Frameworks */,
				9200170B1A0555530011D1D9 /* Security.framework in Frameworks */,
				920017091A05554C0011D1D9 /* QuartzCore.framework in Frameworks */,
				920017071A0555400011D1D9 /* MobileCoreServices.framework in Frameworks */,
				920017051A0555370011D1D9 /* libz.dylib in Frameworks */,
				920017031A05552C0011D1D9 /* CoreLocation.framework in Frameworks */,
				920017011A0555240011D1D9 /* CoreGraphics.framework in Frameworks */,
				920016FF1A05551C0011D1D9 /* CFNetwork.framework in Frameworks */,
				920016FD1A0555130011D1D9 /* AudioToolbox.framework in Frameworks */,
				920016FA1A0554B80011D1D9 /* Parse.framework in Frameworks */,
				920016F91A0554B80011D1D9 /* Bolts.framework in Frameworks */,
				920017111A0557300011D1D9 /* ParseFacebookUtils.framework in Frameworks */,
				920017131A05583D0011D1D9 /* FacebookSDK.framework in Frameworks */,
			);
			runOnlyForDeploymentPostprocessing = 0;
		};
		920016E41A0553D90011D1D9 /* Frameworks */ = {
			isa = PBXFrameworksBuildPhase;
			buildActionMask = 2147483647;
			files = (
			);
			runOnlyForDeploymentPostprocessing = 0;
		};
/* End PBXFrameworksBuildPhase section */

/* Begin PBXGroup section */
		920016C51A0553D80011D1D9 = {
			isa = PBXGroup;
			children = (
				920016FB1A0554C70011D1D9 /* Frameworks */,
				920016D01A0553D80011D1D9 /* TourGuides */,
				920016EA1A0553D90011D1D9 /* TourGuidesTests */,
				920016CF1A0553D80011D1D9 /* Products */,
			);
			sourceTree = "<group>";
		};
		920016CF1A0553D80011D1D9 /* Products */ = {
			isa = PBXGroup;
			children = (
				920016CE1A0553D80011D1D9 /* TourGuides.app */,
				920016E71A0553D90011D1D9 /* TourGuidesTests.xctest */,
			);
			name = Products;
			sourceTree = "<group>";
		};
		920016D01A0553D80011D1D9 /* TourGuides */ = {
			isa = PBXGroup;
			children = (
				920016D51A0553D80011D1D9 /* AppDelegate.h */,
				920016D61A0553D80011D1D9 /* AppDelegate.m */,
				920016D81A0553D80011D1D9 /* ViewController.h */,
				920016D91A0553D80011D1D9 /* ViewController.m */,
				920016DB1A0553D80011D1D9 /* Main.storyboard */,
				920017141A055A140011D1D9 /* HomeViewController.h */,
				920017151A055A140011D1D9 /* HomeViewController.m */,
				920017161A055A140011D1D9 /* HomeViewController.xib */,
				920016DE1A0553D80011D1D9 /* Images.xcassets */,
				920016E01A0553D90011D1D9 /* LaunchScreen.xib */,
				920016D11A0553D80011D1D9 /* Supporting Files */,
			);
			path = TourGuides;
			sourceTree = "<group>";
		};
		920016D11A0553D80011D1D9 /* Supporting Files */ = {
			isa = PBXGroup;
			children = (
				920016D21A0553D80011D1D9 /* Info.plist */,
				920016D31A0553D80011D1D9 /* main.m */,
			);
			name = "Supporting Files";
			sourceTree = "<group>";
		};
		920016EA1A0553D90011D1D9 /* TourGuidesTests */ = {
			isa = PBXGroup;
			children = (
				920016ED1A0553D90011D1D9 /* TourGuidesTests.m */,
				920016EB1A0553D90011D1D9 /* Supporting Files */,
			);
			path = TourGuidesTests;
			sourceTree = "<group>";
		};
		920016EB1A0553D90011D1D9 /* Supporting Files */ = {
			isa = PBXGroup;
			children = (
				920016EC1A0553D90011D1D9 /* Info.plist */,
			);
			name = "Supporting Files";
			sourceTree = "<group>";
		};
		920016FB1A0554C70011D1D9 /* Frameworks */ = {
			isa = PBXGroup;
			children = (
				920017121A05583D0011D1D9 /* FacebookSDK.framework */,
				920017101A0557300011D1D9 /* ParseFacebookUtils.framework */,
				9200170E1A0555760011D1D9 /* SystemConfiguration.framework */,
				9200170C1A0555610011D1D9 /* StoreKit.framework */,
				9200170A1A0555530011D1D9 /* Security.framework */,
				920017081A05554C0011D1D9 /* QuartzCore.framework */,
				920017061A0555400011D1D9 /* MobileCoreServices.framework */,
				920017041A0555370011D1D9 /* libz.dylib */,
				920017021A05552C0011D1D9 /* CoreLocation.framework */,
				920017001A0555240011D1D9 /* CoreGraphics.framework */,
				920016FE1A05551C0011D1D9 /* CFNetwork.framework */,
				920016FC1A0555130011D1D9 /* AudioToolbox.framework */,
				920016F71A0554B80011D1D9 /* Bolts.framework */,
				920016F81A0554B80011D1D9 /* Parse.framework */,
			);
			name = Frameworks;
			sourceTree = "<group>";
		};
/* End PBXGroup section */

/* Begin PBXNativeTarget section */
		920016CD1A0553D80011D1D9 /* TourGuides */ = {
			isa = PBXNativeTarget;
			buildConfigurationList = 920016F11A0553D90011D1D9 /* Build configuration list for PBXNativeTarget "TourGuides" */;
			buildPhases = (
				920016CA1A0553D80011D1D9 /* Sources */,
				920016CB1A0553D80011D1D9 /* Frameworks */,
				920016CC1A0553D80011D1D9 /* Resources */,
			);
			buildRules = (
			);
			dependencies = (
			);
			name = TourGuides;
			productName = TourGuides;
			productReference = 920016CE1A0553D80011D1D9 /* TourGuides.app */;
			productType = "com.apple.product-type.application";
		};
		920016E61A0553D90011D1D9 /* TourGuidesTests */ = {
			isa = PBXNativeTarget;
			buildConfigurationList = 920016F41A0553D90011D1D9 /* Build configuration list for PBXNativeTarget "TourGuidesTests" */;
			buildPhases = (
				920016E31A0553D90011D1D9 /* Sources */,
				920016E41A0553D90011D1D9 /* Frameworks */,
				920016E51A0553D90011D1D9 /* Resources */,
			);
			buildRules = (
			);
			dependencies = (
				920016E91A0553D90011D1D9 /* PBXTargetDependency */,
			);
			name = TourGuidesTests;
			productName = TourGuidesTests;
			productReference = 920016E71A0553D90011D1D9 /* TourGuidesTests.xctest */;
			productType = "com.apple.product-type.bundle.unit-test";
		};
/* End PBXNativeTarget section */

/* Begin PBXProject section */
		920016C61A0553D80011D1D9 /* Project object */ = {
			isa = PBXProject;
			attributes = {
				LastUpgradeCheck = 0610;
				ORGANIZATIONNAME = sickles.ryan;
				TargetAttributes = {
					920016CD1A0553D80011D1D9 = {
						CreatedOnToolsVersion = 6.1;
					};
					920016E61A0553D90011D1D9 = {
						CreatedOnToolsVersion = 6.1;
						TestTargetID = 920016CD1A0553D80011D1D9;
					};
				};
			};
			buildConfigurationList = 920016C91A0553D80011D1D9 /* Build configuration list for PBXProject "TourGuides" */;
			compatibilityVersion = "Xcode 3.2";
			developmentRegion = English;
			hasScannedForEncodings = 0;
			knownRegions = (
				en,
				Base,
			);
			mainGroup = 920016C51A0553D80011D1D9;
			productRefGroup = 920016CF1A0553D80011D1D9 /* Products */;
			projectDirPath = "";
			projectRoot = "";
			targets = (
				920016CD1A0553D80011D1D9 /* TourGuides */,
				920016E61A0553D90011D1D9 /* TourGuidesTests */,
			);
		};
/* End PBXProject section */

/* Begin PBXResourcesBuildPhase section */
		920016CC1A0553D80011D1D9 /* Resources */ = {
			isa = PBXResourcesBuildPhase;
			buildActionMask = 2147483647;
			files = (
				920016DD1A0553D80011D1D9 /* Main.storyboard in Resources */,
				920016E21A0553D90011D1D9 /* LaunchScreen.xib in Resources */,
				920016DF1A0553D80011D1D9 /* Images.xcassets in Resources */,
				920017181A055A140011D1D9 /* HomeViewController.xib in Resources */,
			);
			runOnlyForDeploymentPostprocessing = 0;
		};
		920016E51A0553D90011D1D9 /* Resources */ = {
			isa = PBXResourcesBuildPhase;
			buildActionMask = 2147483647;
			files = (
			);
			runOnlyForDeploymentPostprocessing = 0;
		};
/* End PBXResourcesBuildPhase section */

/* Begin PBXSourcesBuildPhase section */
		920016CA1A0553D80011D1D9 /* Sources */ = {
			isa = PBXSourcesBuildPhase;
			buildActionMask = 2147483647;
			files = (
				920016DA1A0553D80011D1D9 /* ViewController.m in Sources */,
				920016D71A0553D80011D1D9 /* AppDelegate.m in Sources */,
				920016D41A0553D80011D1D9 /* main.m in Sources */,
				920017171A055A140011D1D9 /* HomeViewController.m in Sources */,
			);
			runOnlyForDeploymentPostprocessing = 0;
		};
		920016E31A0553D90011D1D9 /* Sources */ = {
			isa = PBXSourcesBuildPhase;
			buildActionMask = 2147483647;
			files = (
				920016EE1A0553D90011D1D9 /* TourGuidesTests.m in Sources */,
			);
			runOnlyForDeploymentPostprocessing = 0;
		};
/* End PBXSourcesBuildPhase section */

/* Begin PBXTargetDependency section */
		920016E91A0553D90011D1D9 /* PBXTargetDependency */ = {
			isa = PBXTargetDependency;
			target = 920016CD1A0553D80011D1D9 /* TourGuides */;
			targetProxy = 920016E81A0553D90011D1D9 /* PBXContainerItemProxy */;
		};
/* End PBXTargetDependency section */

/* Begin PBXVariantGroup section */
		920016DB1A0553D80011D1D9 /* Main.storyboard */ = {
			isa = PBXVariantGroup;
			children = (
				920016DC1A0553D80011D1D9 /* Base */,
			);
			name = Main.storyboard;
			sourceTree = "<group>";
		};
		920016E01A0553D90011D1D9 /* LaunchScreen.xib */ = {
			isa = PBXVariantGroup;
			children = (
				920016E11A0553D90011D1D9 /* Base */,
			);
			name = LaunchScreen.xib;
			sourceTree = "<group>";
		};
/* End PBXVariantGroup section */

/* Begin XCBuildConfiguration section */
		920016EF1A0553D90011D1D9 /* Debug */ = {
			isa = XCBuildConfiguration;
			buildSettings = {
				ALWAYS_SEARCH_USER_PATHS = NO;
				CLANG_CXX_LANGUAGE_STANDARD = "gnu++0x";
				CLANG_CXX_LIBRARY = "libc++";
				CLANG_ENABLE_MODULES = YES;
				CLANG_ENABLE_OBJC_ARC = YES;
				CLANG_WARN_BOOL_CONVERSION = YES;
				CLANG_WARN_CONSTANT_CONVERSION = YES;
				CLANG_WARN_DIRECT_OBJC_ISA_USAGE = YES_ERROR;
				CLANG_WARN_EMPTY_BODY = YES;
				CLANG_WARN_ENUM_CONVERSION = YES;
				CLANG_WARN_INT_CONVERSION = YES;
				CLANG_WARN_OBJC_ROOT_CLASS = YES_ERROR;
				CLANG_WARN_UNREACHABLE_CODE = YES;
				CLANG_WARN__DUPLICATE_METHOD_MATCH = YES;
				"CODE_SIGN_IDENTITY[sdk=iphoneos*]" = "iPhone Developer";
				COPY_PHASE_STRIP = NO;
				ENABLE_STRICT_OBJC_MSGSEND = YES;
				GCC_C_LANGUAGE_STANDARD = gnu99;
				GCC_DYNAMIC_NO_PIC = NO;
				GCC_OPTIMIZATION_LEVEL = 0;
				GCC_PREPROCESSOR_DEFINITIONS = (
					"DEBUG=1",
					"$(inherited)",
				);
				GCC_SYMBOLS_PRIVATE_EXTERN = NO;
				GCC_WARN_64_TO_32_BIT_CONVERSION = YES;
				GCC_WARN_ABOUT_RETURN_TYPE = YES_ERROR;
				GCC_WARN_UNDECLARED_SELECTOR = YES;
				GCC_WARN_UNINITIALIZED_AUTOS = YES_AGGRESSIVE;
				GCC_WARN_UNUSED_FUNCTION = YES;
				GCC_WARN_UNUSED_VARIABLE = YES;
				IPHONEOS_DEPLOYMENT_TARGET = 8.1;
				MTL_ENABLE_DEBUG_INFO = YES;
				ONLY_ACTIVE_ARCH = YES;
				SDKROOT = iphoneos;
			};
			name = Debug;
		};
		920016F01A0553D90011D1D9 /* Release */ = {
			isa = XCBuildConfiguration;
			buildSettings = {
				ALWAYS_SEARCH_USER_PATHS = NO;
				CLANG_CXX_LANGUAGE_STANDARD = "gnu++0x";
				CLANG_CXX_LIBRARY = "libc++";
				CLANG_ENABLE_MODULES = YES;
				CLANG_ENABLE_OBJC_ARC = YES;
				CLANG_WARN_BOOL_CONVERSION = YES;
				CLANG_WARN_CONSTANT_CONVERSION = YES;
				CLANG_WARN_DIRECT_OBJC_ISA_USAGE = YES_ERROR;
				CLANG_WARN_EMPTY_BODY = YES;
				CLANG_WARN_ENUM_CONVERSION = YES;
				CLANG_WARN_INT_CONVERSION = YES;
				CLANG_WARN_OBJC_ROOT_CLASS = YES_ERROR;
				CLANG_WARN_UNREACHABLE_CODE = YES;
				CLANG_WARN__DUPLICATE_METHOD_MATCH = YES;
				"CODE_SIGN_IDENTITY[sdk=iphoneos*]" = "iPhone Developer";
				COPY_PHASE_STRIP = YES;
				ENABLE_NS_ASSERTIONS = NO;
				ENABLE_STRICT_OBJC_MSGSEND = YES;
				GCC_C_LANGUAGE_STANDARD = gnu99;
				GCC_WARN_64_TO_32_BIT_CONVERSION = YES;
				GCC_WARN_ABOUT_RETURN_TYPE = YES_ERROR;
				GCC_WARN_UNDECLARED_SELECTOR = YES;
				GCC_WARN_UNINITIALIZED_AUTOS = YES_AGGRESSIVE;
				GCC_WARN_UNUSED_FUNCTION = YES;
				GCC_WARN_UNUSED_VARIABLE = YES;
				IPHONEOS_DEPLOYMENT_TARGET = 8.1;
				MTL_ENABLE_DEBUG_INFO = NO;
				SDKROOT = iphoneos;
				VALIDATE_PRODUCT = YES;
			};
			name = Release;
		};
		920016F21A0553D90011D1D9 /* Debug */ = {
			isa = XCBuildConfiguration;
			buildSettings = {
				ASSETCATALOG_COMPILER_APPICON_NAME = AppIcon;
				FRAMEWORK_SEARCH_PATHS = (
					"$(inherited)",
					"$(PROJECT_DIR)",
					/Users/Hova/Documents/FacebookSDK,
				);
				INFOPLIST_FILE = TourGuides/Info.plist;
				LD_RUNPATH_SEARCH_PATHS = "$(inherited) @executable_path/Frameworks";
				PRODUCT_NAME = "$(TARGET_NAME)";
			};
			name = Debug;
		};
		920016F31A0553D90011D1D9 /* Release */ = {
			isa = XCBuildConfiguration;
			buildSettings = {
				ASSETCATALOG_COMPILER_APPICON_NAME = AppIcon;
				FRAMEWORK_SEARCH_PATHS = (
					"$(inherited)",
					"$(PROJECT_DIR)",
					/Users/Hova/Documents/FacebookSDK,
				);
				INFOPLIST_FILE = TourGuides/Info.plist;
				LD_RUNPATH_SEARCH_PATHS = "$(inherited) @executable_path/Frameworks";
				PRODUCT_NAME = "$(TARGET_NAME)";
			};
			name = Release;
		};
		920016F51A0553D90011D1D9 /* Debug */ = {
			isa = XCBuildConfiguration;
			buildSettings = {
				BUNDLE_LOADER = "$(TEST_HOST)";
				FRAMEWORK_SEARCH_PATHS = (
					"$(SDKROOT)/Developer/Library/Frameworks",
					"$(inherited)",
				);
				GCC_PREPROCESSOR_DEFINITIONS = (
					"DEBUG=1",
					"$(inherited)",
				);
				INFOPLIST_FILE = TourGuidesTests/Info.plist;
				LD_RUNPATH_SEARCH_PATHS = "$(inherited) @executable_path/Frameworks @loader_path/Frameworks";
				PRODUCT_NAME = "$(TARGET_NAME)";
				TEST_HOST = "$(BUILT_PRODUCTS_DIR)/TourGuides.app/TourGuides";
			};
			name = Debug;
		};
		920016F61A0553D90011D1D9 /* Release */ = {
			isa = XCBuildConfiguration;
			buildSettings = {
				BUNDLE_LOADER = "$(TEST_HOST)";
				FRAMEWORK_SEARCH_PATHS = (
					"$(SDKROOT)/Developer/Library/Frameworks",
					"$(inherited)",
				);
				INFOPLIST_FILE = TourGuidesTests/Info.plist;
				LD_RUNPATH_SEARCH_PATHS = "$(inherited) @executable_path/Frameworks @loader_path/Frameworks";
				PRODUCT_NAME = "$(TARGET_NAME)";
				TEST_HOST = "$(BUILT_PRODUCTS_DIR)/TourGuides.app/TourGuides";
			};
			name = Release;
		};
/* End XCBuildConfiguration section */

/* Begin XCConfigurationList section */
		920016C91A0553D80011D1D9 /* Build configuration list for PBXProject "TourGuides" */ = {
			isa = XCConfigurationList;
			buildConfigurations = (
				920016EF1A0553D90011D1D9 /* Debug */,
				920016F01A0553D90011D1D9 /* Release */,
			);
			defaultConfigurationIsVisible = 0;
			defaultConfigurationName = Release;
		};
		920016F11A0553D90011D1D9 /* Build configuration list for PBXNativeTarget "TourGuides" */ = {
			isa = XCConfigurationList;
			buildConfigurations = (
				920016F21A0553D90011D1D9 /* Debug */,
				920016F31A0553D90011D1D9 /* Release */,
			);
			defaultConfigurationIsVisible = 0;
		};
		920016F41A0553D90011D1D9 /* Build configuration list for PBXNativeTarget "TourGuidesTests" */ = {
			isa = XCConfigurationList;
			buildConfigurations = (
				920016F51A0553D90011D1D9 /* Debug */,
				920016F61A0553D90011D1D9 /* Release */,
			);
			defaultConfigurationIsVisible = 0;
		};
/* End XCConfigurationList section */
	};
	rootObject = 920016C61A0553D80011D1D9 /* Project object */;
}
